
Microsoft Visual Studio Solution File, Format Version 12.00
# Visual Studio Version 17
VisualStudioVersion = 17.12.35506.116
MinimumVisualStudioVersion = 10.0.40219.1
Project("{FAE04EC0-301F-11D3-BF4B-00C04F79EFBC}") = "raft-DJPhelps1", "raft-DJPhelps1\raft-DJPhelps1.csproj", "{CFD84704-57D7-4BB8-97EC-C29FC088B7E2}"
EndProject
Project("{FAE04EC0-301F-11D3-BF4B-00C04F79EFBC}") = "raft-DJPhelps1-Test_Elections", "raft-DJPhelps1-Test\raft-DJPhelps1-Test_Elections.csproj", "{5AC9C49D-81A6-44CD-9991-9E41F24B5B68}"
EndProject
Project("{FAE04EC0-301F-11D3-BF4B-00C04F79EFBC}") = "Websimulation", "Websimulation\Websimulation.csproj", "{40C3D998-72B3-4872-A46A-A524487C5267}"
EndProject
Project("{FAE04EC0-301F-11D3-BF4B-00C04F79EFBC}") = "raft-DJPhelps1-Test_Logs", "raft-DJPhelps1-Test_Logs\raft-DJPhelps1-Test_Logs.csproj", "{48D2466E-D892-4CD9-8815-A8834F884946}"
EndProject
Project("{FAE04EC0-301F-11D3-BF4B-00C04F79EFBC}") = "WebRaftSimNetwork", "WebRaftSimNetwork\WebRaftSimNetwork.csproj", "{92C3DA78-0905-49BE-8296-2573A77F0675}"
EndProject
Project("{FAE04EC0-301F-11D3-BF4B-00C04F79EFBC}") = "RaftAPI", "RaftAPI\RaftAPI.csproj", "{4808290D-4177-43F1-A18E-2DF9ADBA1474}"
EndProject
Global
	GlobalSection(SolutionConfigurationPlatforms) = preSolution
		Debug|Any CPU = Debug|Any CPU
		Release|Any CPU = Release|Any CPU
	EndGlobalSection
	GlobalSection(ProjectConfigurationPlatforms) = postSolution
		{CFD84704-57D7-4BB8-97EC-C29FC088B7E2}.Debug|Any CPU.ActiveCfg = Debug|Any CPU
		{CFD84704-57D7-4BB8-97EC-C29FC088B7E2}.Debug|Any CPU.Build.0 = Debug|Any CPU
		{CFD84704-57D7-4BB8-97EC-C29FC088B7E2}.Release|Any CPU.ActiveCfg = Release|Any CPU
		{CFD84704-57D7-4BB8-97EC-C29FC088B7E2}.Release|Any CPU.Build.0 = Release|Any CPU
		{5AC9C49D-81A6-44CD-9991-9E41F24B5B68}.Debug|Any CPU.ActiveCfg = Debug|Any CPU
		{5AC9C49D-81A6-44CD-9991-9E41F24B5B68}.Debug|Any CPU.Build.0 = Debug|Any CPU
		{5AC9C49D-81A6-44CD-9991-9E41F24B5B68}.Release|Any CPU.ActiveCfg = Release|Any CPU
		{5AC9C49D-81A6-44CD-9991-9E41F24B5B68}.Release|Any CPU.Build.0 = Release|Any CPU
		{40C3D998-72B3-4872-A46A-A524487C5267}.Debug|Any CPU.ActiveCfg = Debug|Any CPU
		{40C3D998-72B3-4872-A46A-A524487C5267}.Debug|Any CPU.Build.0 = Debug|Any CPU
		{40C3D998-72B3-4872-A46A-A524487C5267}.Release|Any CPU.ActiveCfg = Release|Any CPU
		{40C3D998-72B3-4872-A46A-A524487C5267}.Release|Any CPU.Build.0 = Release|Any CPU
		{48D2466E-D892-4CD9-8815-A8834F884946}.Debug|Any CPU.ActiveCfg = Debug|Any CPU
		{48D2466E-D892-4CD9-8815-A8834F884946}.Debug|Any CPU.Build.0 = Debug|Any CPU
		{48D2466E-D892-4CD9-8815-A8834F884946}.Release|Any CPU.ActiveCfg = Release|Any CPU
		{48D2466E-D892-4CD9-8815-A8834F884946}.Release|Any CPU.Build.0 = Release|Any CPU
		{92C3DA78-0905-49BE-8296-2573A77F0675}.Debug|Any CPU.ActiveCfg = Debug|Any CPU
		{92C3DA78-0905-49BE-8296-2573A77F0675}.Debug|Any CPU.Build.0 = Debug|Any CPU
		{92C3DA78-0905-49BE-8296-2573A77F0675}.Release|Any CPU.ActiveCfg = Release|Any CPU
		{92C3DA78-0905-49BE-8296-2573A77F0675}.Release|Any CPU.Build.0 = Release|Any CPU
		{4808290D-4177-43F1-A18E-2DF9ADBA1474}.Debug|Any CPU.ActiveCfg = Debug|Any CPU
		{4808290D-4177-43F1-A18E-2DF9ADBA1474}.Debug|Any CPU.Build.0 = Debug|Any CPU
		{4808290D-4177-43F1-A18E-2DF9ADBA1474}.Release|Any CPU.ActiveCfg = Release|Any CPU
		{4808290D-4177-43F1-A18E-2DF9ADBA1474}.Release|Any CPU.Build.0 = Release|Any CPU
	EndGlobalSection
	GlobalSection(SolutionProperties) = preSolution
		HideSolutionNode = FALSE
	EndGlobalSection
EndGlobal
